
Microsoft Visual Studio Solution File, Format Version 11.00
# Visual Studio 2010
Project("{FAE04EC0-301F-11D3-BF4B-00C04F79EFBC}") = "Assembly-CSharp", "Assembly-CSharp.csproj", "{3db5752c-64b8-97d0-f27b-3def20ceac51}"
EndProject
Project("{FAE04EC0-301F-11D3-BF4B-00C04F79EFBC}") = "Assembly-CSharp-firstpass", "Assembly-CSharp-firstpass.csproj", "{0b0d29f6-9b4c-a64c-8557-3cc757e97fb0}"
EndProject
Project("{FAE04EC0-301F-11D3-BF4B-00C04F79EFBC}") = "Assembly-CSharp-Editor", "Assembly-CSharp-Editor.csproj", "{4fd68cdc-dd93-25d7-d321-1e94a396605e}"
EndProject
Project("{FAE04EC0-301F-11D3-BF4B-00C04F79EFBC}") = "Assembly-CSharp-Editor-firstpass", "Assembly-CSharp-Editor-firstpass.csproj", "{a6c44498-2a31-3045-26ae-30b620963008}"
EndProject
Global
	GlobalSection(SolutionConfigurationPlatforms) = preSolution
		Debug|Any CPU = Debug|Any CPU
	EndGlobalSection
	GlobalSection(ProjectConfigurationPlatforms) = postSolution
		{3db5752c-64b8-97d0-f27b-3def20ceac51}.Debug|Any CPU.ActiveCfg = Debug|Any CPU
		{3db5752c-64b8-97d0-f27b-3def20ceac51}.Debug|Any CPU.Build.0 = Debug|Any CPU
		{0b0d29f6-9b4c-a64c-8557-3cc757e97fb0}.Debug|Any CPU.ActiveCfg = Debug|Any CPU
		{0b0d29f6-9b4c-a64c-8557-3cc757e97fb0}.Debug|Any CPU.Build.0 = Debug|Any CPU
		{4fd68cdc-dd93-25d7-d321-1e94a396605e}.Debug|Any CPU.ActiveCfg = Debug|Any CPU
		{4fd68cdc-dd93-25d7-d321-1e94a396605e}.Debug|Any CPU.Build.0 = Debug|Any CPU
		{a6c44498-2a31-3045-26ae-30b620963008}.Debug|Any CPU.ActiveCfg = Debug|Any CPU
		{a6c44498-2a31-3045-26ae-30b620963008}.Debug|Any CPU.Build.0 = Debug|Any CPU
	EndGlobalSection
	GlobalSection(SolutionProperties) = preSolution
		HideSolutionNode = FALSE
	EndGlobalSection
EndGlobal
